PODS:
  - Flutter (1.0.0)
  - flutter_upgrader_plus (1.1.21):
    - Flutter

DEPENDENCIES:
  - Flutter (from `Flutter`)
  - flutter_upgrader_plus (from `.symlinks/plugins/flutter_upgrader_plus/ios`)

EXTERNAL SOURCES:
  Flutter:
    :path: Flutter
  flutter_upgrader_plus:
    :path: ".symlinks/plugins/flutter_upgrader_plus/ios"

SPEC CHECKSUMS:
  Flutter: cabc95a1d2626b1b06e7179b784ebcf0c0cde467
  flutter_upgrader_plus: 2d7e7a58b6d56b404e9d39ad46ccae850cb6f8fe

PODFILE CHECKSUM: c4c93c5f6502fe2754f48404d3594bf779584011

COCOAPODS: 1.16.2
